
Microsoft Visual Studio Solution File, Format Version 12.00
# Visual Studio Version 17
VisualStudioVersion = 17.13.35919.96 d17.13
MinimumVisualStudioVersion = 10.0.40219.1
Project("{FAE04EC0-301F-11D3-BF4B-00C04F79EFBC}") = "Account", "Account\Account.csproj", "{7B2B65C2-8872-4CC8-92C7-9E0BC7883E4D}"
EndProject
Global
	GlobalSection(SolutionConfigurationPlatforms) = preSolution
		Debug|Any CPU = Debug|Any CPU
		Release|Any CPU = Release|Any CPU
	EndGlobalSection
	GlobalSection(ProjectConfigurationPlatforms) = postSolution
		{7B2B65C2-8872-4CC8-92C7-9E0BC7883E4D}.Debug|Any CPU.ActiveCfg = Debug|Any CPU
		{7B2B65C2-8872-4CC8-92C7-9E0BC7883E4D}.Debug|Any CPU.Build.0 = Debug|Any CPU
		{7B2B65C2-8872-4CC8-92C7-9E0BC7883E4D}.Release|Any CPU.ActiveCfg = Release|Any CPU
		{7B2B65C2-8872-4CC8-92C7-9E0BC7883E4D}.Release|Any CPU.Build.0 = Release|Any CPU
	EndGlobalSection
	GlobalSection(SolutionProperties) = preSolution
		HideSolutionNode = FALSE
	EndGlobalSection
	GlobalSection(ExtensibilityGlobals) = postSolution
		SolutionGuid = {5F26DCF9-DCE2-4966-812B-903E319C97A3}
	EndGlobalSection
EndGlobal
